// !$*UTF8*$!
{
	archiveVersion = 1;
	classes = {
	};
	objectVersion = 50;
	objects = {

/* Begin PBXBuildFile section */
		2EC5672C837782666DE7FAF2 /* Pods_Wantedly_iOS_Work.framework in Frameworks */ = {isa = PBXBuildFile; fileRef = DB8CF4D5B4C5DA57314EADD7 /* Pods_Wantedly_iOS_Work.framework */; };
		D8BDCFC622214BCB00AF1721 /* AppDelegate.swift in Sources */ = {isa = PBXBuildFile; fileRef = D8BDCFC522214BCB00AF1721 /* AppDelegate.swift */; };
		D8BDCFC822214BCB00AF1721 /* TopViewController.swift in Sources */ = {isa = PBXBuildFile; fileRef = D8BDCFC722214BCB00AF1721 /* TopViewController.swift */; };
		D8BDCFCB22214BCB00AF1721 /* Main.storyboard in Resources */ = {isa = PBXBuildFile; fileRef = D8BDCFC922214BCB00AF1721 /* Main.storyboard */; };
		D8BDCFCD22214BCE00AF1721 /* Assets.xcassets in Resources */ = {isa = PBXBuildFile; fileRef = D8BDCFCC22214BCE00AF1721 /* Assets.xcassets */; };
		D8BDCFD022214BCE00AF1721 /* LaunchScreen.storyboard in Resources */ = {isa = PBXBuildFile; fileRef = D8BDCFCE22214BCE00AF1721 /* LaunchScreen.storyboard */; };
/* End PBXBuildFile section */

/* Begin PBXFileReference section */
		95934564783AE94B1B64CC72 /* Pods-Wantedly-iOS-Work.debug.xcconfig */ = {isa = PBXFileReference; includeInIndex = 1; lastKnownFileType = text.xcconfig; name = "Pods-Wantedly-iOS-Work.debug.xcconfig"; path = "Target Support Files/Pods-Wantedly-iOS-Work/Pods-Wantedly-iOS-Work.debug.xcconfig"; sourceTree = "<group>"; };
		D8BDCFC222214BCB00AF1721 /* Wantedly-iOS-Work.app */ = {isa = PBXFileReference; explicitFileType = wrapper.application; includeInIndex = 0; path = "Wantedly-iOS-Work.app"; sourceTree = BUILT_PRODUCTS_DIR; };
		D8BDCFC522214BCB00AF1721 /* AppDelegate.swift */ = {isa = PBXFileReference; lastKnownFileType = sourcecode.swift; path = AppDelegate.swift; sourceTree = "<group>"; };
		D8BDCFC722214BCB00AF1721 /* TopViewController.swift */ = {isa = PBXFileReference; lastKnownFileType = sourcecode.swift; path = TopViewController.swift; sourceTree = "<group>"; };
		D8BDCFCA22214BCB00AF1721 /* Base */ = {isa = PBXFileReference; lastKnownFileType = file.storyboard; name = Base; path = Base.lproj/Main.storyboard; sourceTree = "<group>"; };
		D8BDCFCC22214BCE00AF1721 /* Assets.xcassets */ = {isa = PBXFileReference; lastKnownFileType = folder.assetcatalog; path = Assets.xcassets; sourceTree = "<group>"; };
		D8BDCFCF22214BCE00AF1721 /* Base */ = {isa = PBXFileReference; lastKnownFileType = file.storyboard; name = Base; path = Base.lproj/LaunchScreen.storyboard; sourceTree = "<group>"; };
		D8BDCFD122214BCE00AF1721 /* Info.plist */ = {isa = PBXFileReference; lastKnownFileType = text.plist.xml; path = Info.plist; sourceTree = "<group>"; };
		DB8CF4D5B4C5DA57314EADD7 /* Pods_Wantedly_iOS_Work.framework */ = {isa = PBXFileReference; explicitFileType = wrapper.framework; includeInIndex = 0; path = Pods_Wantedly_iOS_Work.framework; sourceTree = BUILT_PRODUCTS_DIR; };
		E829C46765AE8A02E10F3ACD /* Pods-Wantedly-iOS-Work.release.xcconfig */ = {isa = PBXFileReference; includeInIndex = 1; lastKnownFileType = text.xcconfig; name = "Pods-Wantedly-iOS-Work.release.xcconfig"; path = "Target Support Files/Pods-Wantedly-iOS-Work/Pods-Wantedly-iOS-Work.release.xcconfig"; sourceTree = "<group>"; };
/* End PBXFileReference section */

/* Begin PBXFrameworksBuildPhase section */
		D8BDCFBF22214BCB00AF1721 /* Frameworks */ = {
			isa = PBXFrameworksBuildPhase;
			buildActionMask = 2147483647;
			files = (
				2EC5672C837782666DE7FAF2 /* Pods_Wantedly_iOS_Work.framework in Frameworks */,
			);
			runOnlyForDeploymentPostprocessing = 0;
		};
/* End PBXFrameworksBuildPhase section */

/* Begin PBXGroup section */
		417B4EF68EE25A35AAC49EAE /* Pods */ = {
			isa = PBXGroup;
			children = (
				95934564783AE94B1B64CC72 /* Pods-Wantedly-iOS-Work.debug.xcconfig */,
				E829C46765AE8A02E10F3ACD /* Pods-Wantedly-iOS-Work.release.xcconfig */,
			);
			name = Pods;
			path = Pods;
			sourceTree = "<group>";
		};
		D48DA4AEF9E672E1402815AC /* Frameworks */ = {
			isa = PBXGroup;
			children = (
				DB8CF4D5B4C5DA57314EADD7 /* Pods_Wantedly_iOS_Work.framework */,
			);
			name = Frameworks;
			sourceTree = "<group>";
		};
		D8BDCFB922214BCB00AF1721 = {
			isa = PBXGroup;
			children = (
				D8BDCFC422214BCB00AF1721 /* Wantedly-iOS-Work */,
				D8BDCFC322214BCB00AF1721 /* Products */,
				417B4EF68EE25A35AAC49EAE /* Pods */,
				D48DA4AEF9E672E1402815AC /* Frameworks */,
			);
			sourceTree = "<group>";
		};
		D8BDCFC322214BCB00AF1721 /* Products */ = {
			isa = PBXGroup;
			children = (
				D8BDCFC222214BCB00AF1721 /* Wantedly-iOS-Work.app */,
			);
			name = Products;
			sourceTree = "<group>";
		};
		D8BDCFC422214BCB00AF1721 /* Wantedly-iOS-Work */ = {
			isa = PBXGroup;
			children = (
				D8BDCFC522214BCB00AF1721 /* AppDelegate.swift */,
				D8BDCFC722214BCB00AF1721 /* TopViewController.swift */,
				D8BDCFC922214BCB00AF1721 /* Main.storyboard */,
				D8BDCFCC22214BCE00AF1721 /* Assets.xcassets */,
				D8BDCFCE22214BCE00AF1721 /* LaunchScreen.storyboard */,
				D8BDCFD122214BCE00AF1721 /* Info.plist */,
			);
			path = "Wantedly-iOS-Work";
			sourceTree = "<group>";
		};
/* End PBXGroup section */

/* Begin PBXNativeTarget section */
		D8BDCFC122214BCB00AF1721 /* Wantedly-iOS-Work */ = {
			isa = PBXNativeTarget;
			buildConfigurationList = D8BDCFD422214BCE00AF1721 /* Build configuration list for PBXNativeTarget "Wantedly-iOS-Work" */;
			buildPhases = (
				3CF4D08EB4CF4207A4A52A74 /* [CP] Check Pods Manifest.lock */,
				D8BDCFBE22214BCB00AF1721 /* Sources */,
				D8BDCFBF22214BCB00AF1721 /* Frameworks */,
				D8BDCFC022214BCB00AF1721 /* Resources */,
				E92693A30DBB98CD6181B655 /* [CP] Embed Pods Frameworks */,
			);
			buildRules = (
			);
			dependencies = (
			);
			name = "Wantedly-iOS-Work";
			productName = "Wantedly-iOS-Work";
			productReference = D8BDCFC222214BCB00AF1721 /* Wantedly-iOS-Work.app */;
			productType = "com.apple.product-type.application";
		};
/* End PBXNativeTarget section */

/* Begin PBXProject section */
		D8BDCFBA22214BCB00AF1721 /* Project object */ = {
			isa = PBXProject;
			attributes = {
				LastSwiftUpdateCheck = 1010;
				LastUpgradeCheck = 1010;
				ORGANIZATIONNAME = "Tomu Obata";
				TargetAttributes = {
					D8BDCFC122214BCB00AF1721 = {
						CreatedOnToolsVersion = 10.1;
					};
				};
			};
			buildConfigurationList = D8BDCFBD22214BCB00AF1721 /* Build configuration list for PBXProject "Wantedly-iOS-Work" */;
			compatibilityVersion = "Xcode 9.3";
			developmentRegion = en;
			hasScannedForEncodings = 0;
			knownRegions = (
				en,
				Base,
			);
			mainGroup = D8BDCFB922214BCB00AF1721;
			productRefGroup = D8BDCFC322214BCB00AF1721 /* Products */;
			projectDirPath = "";
			projectRoot = "";
			targets = (
				D8BDCFC122214BCB00AF1721 /* Wantedly-iOS-Work */,
			);
		};
/* End PBXProject section */

/* Begin PBXResourcesBuildPhase section */
		D8BDCFC022214BCB00AF1721 /* Resources */ = {
			isa = PBXResourcesBuildPhase;
			buildActionMask = 2147483647;
			files = (
				D8BDCFD022214BCE00AF1721 /* LaunchScreen.storyboard in Resources */,
				D8BDCFCD22214BCE00AF1721 /* Assets.xcassets in Resources */,
				D8BDCFCB22214BCB00AF1721 /* Main.storyboard in Resources */,
			);
			runOnlyForDeploymentPostprocessing = 0;
		};
/* End PBXResourcesBuildPhase section */

/* Begin PBXShellScriptBuildPhase section */
		3CF4D08EB4CF4207A4A52A74 /* [CP] Check Pods Manifest.lock */ = {
			isa = PBXShellScriptBuildPhase;
			buildActionMask = 2147483647;
			files = (
			);
			inputFileListPaths = (
			);
			inputPaths = (
				"${PODS_PODFILE_DIR_PATH}/Podfile.lock",
				"${PODS_ROOT}/Manifest.lock",
			);
			name = "[CP] Check Pods Manifest.lock";
			outputFileListPaths = (
			);
			outputPaths = (
				"$(DERIVED_FILE_DIR)/Pods-Wantedly-iOS-Work-checkManifestLockResult.txt",
			);
			runOnlyForDeploymentPostprocessing = 0;
			shellPath = /bin/sh;
			shellScript = "diff \"${PODS_PODFILE_DIR_PATH}/Podfile.lock\" \"${PODS_ROOT}/Manifest.lock\" > /dev/null\nif [ $? != 0 ] ; then\n    # print error to STDERR\n    echo \"error: The sandbox is not in sync with the Podfile.lock. Run 'pod install' or update your CocoaPods installation.\" >&2\n    exit 1\nfi\n# This output is used by Xcode 'outputs' to avoid re-running this script phase.\necho \"SUCCESS\" > \"${SCRIPT_OUTPUT_FILE_0}\"\n";
			showEnvVarsInLog = 0;
		};
		E92693A30DBB98CD6181B655 /* [CP] Embed Pods Frameworks */ = {
			isa = PBXShellScriptBuildPhase;
			buildActionMask = 2147483647;
			files = (
			);
			inputFileListPaths = (
			);
			inputPaths = (
				"${PODS_ROOT}/Target Support Files/Pods-Wantedly-iOS-Work/Pods-Wantedly-iOS-Work-frameworks.sh",
				"${BUILT_PRODUCTS_DIR}/Alamofire/Alamofire.framework",
				"${BUILT_PRODUCTS_DIR}/AlamofireImage/AlamofireImage.framework",
				"${BUILT_PRODUCTS_DIR}/SwiftyJSON/SwiftyJSON.framework",
			);
			name = "[CP] Embed Pods Frameworks";
			outputFileListPaths = (
			);
			outputPaths = (
				"${TARGET_BUILD_DIR}/${FRAMEWORKS_FOLDER_PATH}/Alamofire.framework",
				"${TARGET_BUILD_DIR}/${FRAMEWORKS_FOLDER_PATH}/AlamofireImage.framework",
				"${TARGET_BUILD_DIR}/${FRAMEWORKS_FOLDER_PATH}/SwiftyJSON.framework",
			);
			runOnlyForDeploymentPostprocessing = 0;
			shellPath = /bin/sh;
			shellScript = "\"${PODS_ROOT}/Target Support Files/Pods-Wantedly-iOS-Work/Pods-Wantedly-iOS-Work-frameworks.sh\"\n";
			showEnvVarsInLog = 0;
		};
/* End PBXShellScriptBuildPhase section */

/* Begin PBXSourcesBuildPhase section */
		D8BDCFBE22214BCB00AF1721 /* Sources */ = {
			isa = PBXSourcesBuildPhase;
			buildActionMask = 2147483647;
			files = (
				D8BDCFC822214BCB00AF1721 /* TopViewController.swift in Sources */,
				D8BDCFC622214BCB00AF1721 /* AppDelegate.swift in Sources */,
			);
			runOnlyForDeploymentPostprocessing = 0;
		};
/* End PBXSourcesBuildPhase section */

/* Begin PBXVariantGroup section */
		D8BDCFC922214BCB00AF1721 /* Main.storyboard */ = {
			isa = PBXVariantGroup;
			children = (
				D8BDCFCA22214BCB00AF1721 /* Base */,
			);
			name = Main.storyboard;
			sourceTree = "<group>";
		};
		D8BDCFCE22214BCE00AF1721 /* LaunchScreen.storyboard */ = {
			isa = PBXVariantGroup;
			children = (
				D8BDCFCF22214BCE00AF1721 /* Base */,
			);
			name = LaunchScreen.storyboard;
			sourceTree = "<group>";
		};
/* End PBXVariantGroup section */

/* Begin XCBuildConfiguration section */
		D8BDCFD222214BCE00AF1721 /* Debug */ = {
			isa = XCBuildConfiguration;
			buildSettings = {
				ALWAYS_SEARCH_USER_PATHS = NO;
				CLANG_ANALYZER_NONNULL = YES;
				CLANG_ANALYZER_NUMBER_OBJECT_CONVERSION = YES_AGGRESSIVE;
				CLANG_CXX_LANGUAGE_STANDARD = "gnu++14";
				CLANG_CXX_LIBRARY = "libc++";
				CLANG_ENABLE_MODULES = YES;
				CLANG_ENABLE_OBJC_ARC = YES;
				CLANG_ENABLE_OBJC_WEAK = YES;
				CLANG_WARN_BLOCK_CAPTURE_AUTORELEASING = YES;
				CLANG_WARN_BOOL_CONVERSION = YES;
				CLANG_WARN_COMMA = YES;
				CLANG_WARN_CONSTANT_CONVERSION = YES;
				CLANG_WARN_DEPRECATED_OBJC_IMPLEMENTATIONS = YES;
				CLANG_WARN_DIRECT_OBJC_ISA_USAGE = YES_ERROR;
				CLANG_WARN_DOCUMENTATION_COMMENTS = YES;
				CLANG_WARN_EMPTY_BODY = YES;
				CLANG_WARN_ENUM_CONVERSION = YES;
				CLANG_WARN_INFINITE_RECURSION = YES;
				CLANG_WARN_INT_CONVERSION = YES;
				CLANG_WARN_NON_LITERAL_NULL_CONVERSION = YES;
				CLANG_WARN_OBJC_IMPLICIT_RETAIN_SELF = YES;
				CLANG_WARN_OBJC_LITERAL_CONVERSION = YES;
				CLANG_WARN_OBJC_ROOT_CLASS = YES_ERROR;
				CLANG_WARN_RANGE_LOOP_ANALYSIS = YES;
				CLANG_WARN_STRICT_PROTOTYPES = YES;
				CLANG_WARN_SUSPICIOUS_MOVE = YES;
				CLANG_WARN_UNGUARDED_AVAILABILITY = YES_AGGRESSIVE;
				CLANG_WARN_UNREACHABLE_CODE = YES;
				CLANG_WARN__DUPLICATE_METHOD_MATCH = YES;
				CODE_SIGN_IDENTITY = "iPhone Developer";
				COPY_PHASE_STRIP = NO;
				DEBUG_INFORMATION_FORMAT = dwarf;
				ENABLE_STRICT_OBJC_MSGSEND = YES;
				ENABLE_TESTABILITY = YES;
				GCC_C_LANGUAGE_STANDARD = gnu11;
				GCC_DYNAMIC_NO_PIC = NO;
				GCC_NO_COMMON_BLOCKS = YES;
				GCC_OPTIMIZATION_LEVEL = 0;
				GCC_PREPROCESSOR_DEFINITIONS = (
					"DEBUG=1",
					"$(inherited)",
				);
				GCC_WARN_64_TO_32_BIT_CONVERSION = YES;
				GCC_WARN_ABOUT_RETURN_TYPE = YES_ERROR;
				GCC_WARN_UNDECLARED_SELECTOR = YES;
				GCC_WARN_UNINITIALIZED_AUTOS = YES_AGGRESSIVE;
				GCC_WARN_UNUSED_FUNCTION = YES;
				GCC_WARN_UNUSED_VARIABLE = YES;
				IPHONEOS_DEPLOYMENT_TARGET = 12.1;
				MTL_ENABLE_DEBUG_INFO = INCLUDE_SOURCE;
				MTL_FAST_MATH = YES;
				ONLY_ACTIVE_ARCH = YES;
				SDKROOT = iphoneos;
				SWIFT_ACTIVE_COMPILATION_CONDITIONS = DEBUG;
				SWIFT_OPTIMIZATION_LEVEL = "-Onone";
			};
			name = Debug;
		};
		D8BDCFD322214BCE00AF1721 /* Release */ = {
			isa = XCBuildConfiguration;
			buildSettings = {
				ALWAYS_SEARCH_USER_PATHS = NO;
				CLANG_ANALYZER_NONNULL = YES;
				CLANG_ANALYZER_NUMBER_OBJECT_CONVERSION = YES_AGGRESSIVE;
				CLANG_CXX_LANGUAGE_STANDARD = "gnu++14";
				CLANG_CXX_LIBRARY = "libc++";
				CLANG_ENABLE_MODULES = YES;
				CLANG_ENABLE_OBJC_ARC = YES;
				CLANG_ENABLE_OBJC_WEAK = YES;
				CLANG_WARN_BLOCK_CAPTURE_AUTORELEASING = YES;
				CLANG_WARN_BOOL_CONVERSION = YES;
				CLANG_WARN_COMMA = YES;
				CLANG_WARN_CONSTANT_CONVERSION = YES;
				CLANG_WARN_DEPRECATED_OBJC_IMPLEMENTATIONS = YES;
				CLANG_WARN_DIRECT_OBJC_ISA_USAGE = YES_ERROR;
				CLANG_WARN_DOCUMENTATION_COMMENTS = YES;
				CLANG_WARN_EMPTY_BODY = YES;
				CLANG_WARN_ENUM_CONVERSION = YES;
				CLANG_WARN_INFINITE_RECURSION = YES;
				CLANG_WARN_INT_CONVERSION = YES;
				CLANG_WARN_NON_LITERAL_NULL_CONVERSION = YES;
				CLANG_WARN_OBJC_IMPLICIT_RETAIN_SELF = YES;
				CLANG_WARN_OBJC_LITERAL_CONVERSION = YES;
				CLANG_WARN_OBJC_ROOT_CLASS = YES_ERROR;
				CLANG_WARN_RANGE_LOOP_ANALYSIS = YES;
				CLANG_WARN_STRICT_PROTOTYPES = YES;
				CLANG_WARN_SUSPICIOUS_MOVE = YES;
				CLANG_WARN_UNGUARDED_AVAILABILITY = YES_AGGRESSIVE;
				CLANG_WARN_UNREACHABLE_CODE = YES;
				CLANG_WARN__DUPLICATE_METHOD_MATCH = YES;
				CODE_SIGN_IDENTITY = "iPhone Developer";
				COPY_PHASE_STRIP = NO;
				DEBUG_INFORMATION_FORMAT = "dwarf-with-dsym";
				ENABLE_NS_ASSERTIONS = NO;
				ENABLE_STRICT_OBJC_MSGSEND = YES;
				GCC_C_LANGUAGE_STANDARD = gnu11;
				GCC_NO_COMMON_BLOCKS = YES;
				GCC_WARN_64_TO_32_BIT_CONVERSION = YES;
				GCC_WARN_ABOUT_RETURN_TYPE = YES_ERROR;
				GCC_WARN_UNDECLARED_SELECTOR = YES;
				GCC_WARN_UNINITIALIZED_AUTOS = YES_AGGRESSIVE;
				GCC_WARN_UNUSED_FUNCTION = YES;
				GCC_WARN_UNUSED_VARIABLE = YES;
				IPHONEOS_DEPLOYMENT_TARGET = 12.1;
				MTL_ENABLE_DEBUG_INFO = NO;
				MTL_FAST_MATH = YES;
				SDKROOT = iphoneos;
				SWIFT_COMPILATION_MODE = wholemodule;
				SWIFT_OPTIMIZATION_LEVEL = "-O";
				VALIDATE_PRODUCT = YES;
			};
			name = Release;
		};
		D8BDCFD522214BCE00AF1721 /* Debug */ = {
			isa = XCBuildConfiguration;
			baseConfigurationReference = 95934564783AE94B1B64CC72 /* Pods-Wantedly-iOS-Work.debug.xcconfig */;
			buildSettings = {
				ASSETCATALOG_COMPILER_APPICON_NAME = AppIcon;
				CODE_SIGN_STYLE = Automatic;
				DEVELOPMENT_TEAM = QPP3YCUQC6;
				INFOPLIST_FILE = "Wantedly-iOS-Work/Info.plist";
				LD_RUNPATH_SEARCH_PATHS = (
					"$(inherited)",
					"@executable_path/Frameworks",
				);
				PRODUCT_BUNDLE_IDENTIFIER = "jp.premetheory.ShakingAlarmClock.Wantedly-iOS-Work";
				PRODUCT_NAME = "$(TARGET_NAME)";
				SWIFT_VERSION = 4.2;
				TARGETED_DEVICE_FAMILY = "1,2";
			};
			name = Debug;
		};
		D8BDCFD622214BCE00AF1721 /* Release */ = {
			isa = XCBuildConfiguration;
			baseConfigurationReference = E829C46765AE8A02E10F3ACD /* Pods-Wantedly-iOS-Work.release.xcconfig */;
			buildSettings = {
				ASSETCATALOG_COMPILER_APPICON_NAME = AppIcon;
				CODE_SIGN_STYLE = Automatic;
				DEVELOPMENT_TEAM = QPP3YCUQC6;
				INFOPLIST_FILE = "Wantedly-iOS-Work/Info.plist";
				LD_RUNPATH_SEARCH_PATHS = (
					"$(inherited)",
					"@executable_path/Frameworks",
				);
				PRODUCT_BUNDLE_IDENTIFIER = "jp.premetheory.ShakingAlarmClock.Wantedly-iOS-Work";
				PRODUCT_NAME = "$(TARGET_NAME)";
				SWIFT_VERSION = 4.2;
				TARGETED_DEVICE_FAMILY = "1,2";
			};
			name = Release;
		};
/* End XCBuildConfiguration section */

/* Begin XCConfigurationList section */
		D8BDCFBD22214BCB00AF1721 /* Build configuration list for PBXProject "Wantedly-iOS-Work" */ = {
			isa = XCConfigurationList;
			buildConfigurations = (
				D8BDCFD222214BCE00AF1721 /* Debug */,
				D8BDCFD322214BCE00AF1721 /* Release */,
			);
			defaultConfigurationIsVisible = 0;
			defaultConfigurationName = Release;
		};
		D8BDCFD422214BCE00AF1721 /* Build configuration list for PBXNativeTarget "Wantedly-iOS-Work" */ = {
			isa = XCConfigurationList;
			buildConfigurations = (
				D8BDCFD522214BCE00AF1721 /* Debug */,
				D8BDCFD622214BCE00AF1721 /* Release */,
			);
			defaultConfigurationIsVisible = 0;
			defaultConfigurationName = Release;
		};
/* End XCConfigurationList section */
	};
	rootObject = D8BDCFBA22214BCB00AF1721 /* Project object */;
}
